
Microsoft Visual Studio Solution File, Format Version 12.00
# Visual Studio Version 17
VisualStudioVersion = 17.7.34031.279
MinimumVisualStudioVersion = 10.0.40219.1
Project("{FAE04EC0-301F-11D3-BF4B-00C04F79EFBC}") = "lab1", "lab1\lab1.csproj", "{64F9003A-D83F-4AE2-9195-0C93774CF10B}"
	ProjectSection(ProjectDependencies) = postProject
		{3731D538-7BB6-43D3-AFFE-994C5837A31C} = {3731D538-7BB6-43D3-AFFE-994C5837A31C}
	EndProjectSection
EndProject
Project("{FAE04EC0-301F-11D3-BF4B-00C04F79EFBC}") = "Console", "Console\Console.csproj", "{37EA2AB1-637A-462D-92EC-8422B967C385}"
	ProjectSection(ProjectDependencies) = postProject
		{3731D538-7BB6-43D3-AFFE-994C5837A31C} = {3731D538-7BB6-43D3-AFFE-994C5837A31C}
	EndProjectSection
EndProject
Project("{FAE04EC0-301F-11D3-BF4B-00C04F79EFBC}") = "algorithms", "algorithms\algorithms.csproj", "{3731D538-7BB6-43D3-AFFE-994C5837A31C}"
EndProject
Global
	GlobalSection(SolutionConfigurationPlatforms) = preSolution
		Debug|Any CPU = Debug|Any CPU
		Release|Any CPU = Release|Any CPU
	EndGlobalSection
	GlobalSection(ProjectConfigurationPlatforms) = postSolution
		{64F9003A-D83F-4AE2-9195-0C93774CF10B}.Debug|Any CPU.ActiveCfg = Debug|Any CPU
		{64F9003A-D83F-4AE2-9195-0C93774CF10B}.Debug|Any CPU.Build.0 = Debug|Any CPU
		{64F9003A-D83F-4AE2-9195-0C93774CF10B}.Release|Any CPU.ActiveCfg = Release|Any CPU
		{64F9003A-D83F-4AE2-9195-0C93774CF10B}.Release|Any CPU.Build.0 = Release|Any CPU
		{37EA2AB1-637A-462D-92EC-8422B967C385}.Debug|Any CPU.ActiveCfg = Debug|Any CPU
		{37EA2AB1-637A-462D-92EC-8422B967C385}.Debug|Any CPU.Build.0 = Debug|Any CPU
		{37EA2AB1-637A-462D-92EC-8422B967C385}.Release|Any CPU.ActiveCfg = Release|Any CPU
		{37EA2AB1-637A-462D-92EC-8422B967C385}.Release|Any CPU.Build.0 = Release|Any CPU
		{3731D538-7BB6-43D3-AFFE-994C5837A31C}.Debug|Any CPU.ActiveCfg = Debug|Any CPU
		{3731D538-7BB6-43D3-AFFE-994C5837A31C}.Debug|Any CPU.Build.0 = Debug|Any CPU
		{3731D538-7BB6-43D3-AFFE-994C5837A31C}.Release|Any CPU.ActiveCfg = Release|Any CPU
		{3731D538-7BB6-43D3-AFFE-994C5837A31C}.Release|Any CPU.Build.0 = Release|Any CPU
	EndGlobalSection
	GlobalSection(SolutionProperties) = preSolution
		HideSolutionNode = FALSE
	EndGlobalSection
	GlobalSection(ExtensibilityGlobals) = postSolution
		SolutionGuid = {6A2AC07C-7DD4-4637-9996-A7CC5787B37F}
	EndGlobalSection
EndGlobal
